github.com/worldiety/option v0.0.0-20250215102253-75959db51930 h1:OqC/yFkrn15NOXOM2UysM7GnpuORChQ10ek06o0qKgA=
github.com/worldiety/option v0.0.0-20250215102253-75959db51930/go.mod h1:teHsHBcwKGhykKggie4/SdJ+jLM6WlVt37dSP0lT7bU=
golang.org/x/text v0.29.0 h1:1neNs90w9YzJ9BocxfsQNHKuAT4pkghyXc4nhZ6sJvk=
golang.org/x/text v0.29.0/go.mod h1:7MhJOA9CD2qZyOKYazxdYMF85OwPdEr9jTtBpO7ydH4=
